
Microsoft Visual Studio Solution File, Format Version 12.00
# Visual Studio Version 17
VisualStudioVersion = 17.13.35825.156 d17.13
MinimumVisualStudioVersion = 10.0.40219.1
Project("{FAE04EC0-301F-11D3-BF4B-00C04F79EFBC}") = "TP_MODUL9_GANESGEMIPUTRA", "TP_MODUL9_GANESGEMIPUTRA\TP_MODUL9_GANESGEMIPUTRA.csproj", "{61049920-A69B-4683-966B-A5CD3288FBE8}"
EndProject
Global
	GlobalSection(SolutionConfigurationPlatforms) = preSolution
		Debug|Any CPU = Debug|Any CPU
		Release|Any CPU = Release|Any CPU
	EndGlobalSection
	GlobalSection(ProjectConfigurationPlatforms) = postSolution
		{61049920-A69B-4683-966B-A5CD3288FBE8}.Debug|Any CPU.ActiveCfg = Debug|Any CPU
		{61049920-A69B-4683-966B-A5CD3288FBE8}.Debug|Any CPU.Build.0 = Debug|Any CPU
		{61049920-A69B-4683-966B-A5CD3288FBE8}.Release|Any CPU.ActiveCfg = Release|Any CPU
		{61049920-A69B-4683-966B-A5CD3288FBE8}.Release|Any CPU.Build.0 = Release|Any CPU
	EndGlobalSection
	GlobalSection(SolutionProperties) = preSolution
		HideSolutionNode = FALSE
	EndGlobalSection
	GlobalSection(ExtensibilityGlobals) = postSolution
		SolutionGuid = {FCFF81AA-EC8D-4952-8D87-752C646A4725}
	EndGlobalSection
EndGlobal
