
Microsoft Visual Studio Solution File, Format Version 12.00
# Visual Studio Version 17
VisualStudioVersion = 17.13.35825.156 d17.13
MinimumVisualStudioVersion = 10.0.40219.1
Project("{FAE04EC0-301F-11D3-BF4B-00C04F79EFBC}") = "jurnalmodul12_2311104075", "jurnalmodul12_2311104075\jurnalmodul12_2311104075.csproj", "{2484C212-95D1-4EBD-8AF0-3D8659C53EF2}"
EndProject
Global
	GlobalSection(SolutionConfigurationPlatforms) = preSolution
		Debug|Any CPU = Debug|Any CPU
		Release|Any CPU = Release|Any CPU
	EndGlobalSection
	GlobalSection(ProjectConfigurationPlatforms) = postSolution
		{2484C212-95D1-4EBD-8AF0-3D8659C53EF2}.Debug|Any CPU.ActiveCfg = Debug|Any CPU
		{2484C212-95D1-4EBD-8AF0-3D8659C53EF2}.Debug|Any CPU.Build.0 = Debug|Any CPU
		{2484C212-95D1-4EBD-8AF0-3D8659C53EF2}.Release|Any CPU.ActiveCfg = Release|Any CPU
		{2484C212-95D1-4EBD-8AF0-3D8659C53EF2}.Release|Any CPU.Build.0 = Release|Any CPU
	EndGlobalSection
	GlobalSection(SolutionProperties) = preSolution
		HideSolutionNode = FALSE
	EndGlobalSection
	GlobalSection(ExtensibilityGlobals) = postSolution
		SolutionGuid = {0AF4F09E-14FF-42A8-BB82-3061AAAFEA66}
	EndGlobalSection
EndGlobal
