
Microsoft Visual Studio Solution File, Format Version 12.00
# Visual Studio Version 17
VisualStudioVersion = 17.13.35825.156 d17.13
MinimumVisualStudioVersion = 10.0.40219.1
Project("{FAE04EC0-301F-11D3-BF4B-00C04F79EFBC}") = "tpmodul3_2311104075", "tpmodul3_2311104075\tpmodul3_2311104075.csproj", "{05F15D67-2116-40C7-94A0-9B9ABD43A78A}"
EndProject
Global
	GlobalSection(SolutionConfigurationPlatforms) = preSolution
		Debug|Any CPU = Debug|Any CPU
		Release|Any CPU = Release|Any CPU
	EndGlobalSection
	GlobalSection(ProjectConfigurationPlatforms) = postSolution
		{05F15D67-2116-40C7-94A0-9B9ABD43A78A}.Debug|Any CPU.ActiveCfg = Debug|Any CPU
		{05F15D67-2116-40C7-94A0-9B9ABD43A78A}.Debug|Any CPU.Build.0 = Debug|Any CPU
		{05F15D67-2116-40C7-94A0-9B9ABD43A78A}.Release|Any CPU.ActiveCfg = Release|Any CPU
		{05F15D67-2116-40C7-94A0-9B9ABD43A78A}.Release|Any CPU.Build.0 = Release|Any CPU
	EndGlobalSection
	GlobalSection(SolutionProperties) = preSolution
		HideSolutionNode = FALSE
	EndGlobalSection
	GlobalSection(ExtensibilityGlobals) = postSolution
		SolutionGuid = {DACBF219-3F8B-4A61-85B6-E710B94AD0F3}
	EndGlobalSection
EndGlobal
